
Microsoft Visual Studio Solution File, Format Version 12.00
# Visual Studio Version 16
VisualStudioVersion = 16.0.30204.135
MinimumVisualStudioVersion = 10.0.40219.1
Project("{9A19103F-16F7-4668-BE54-9A1E7A4F7556}") = "SpottedUnitn.WebApi", "src\SpottedUnitn.WebApi\SpottedUnitn.WebApi.csproj", "{ACC60793-45BA-4CA8-84F9-A5B1166C4570}"
EndProject
Project("{9A19103F-16F7-4668-BE54-9A1E7A4F7556}") = "SpottedUnitn.Model", "src\SpottedUnitn.Model\SpottedUnitn.Model.csproj", "{5AE769F8-F356-4290-8671-D782EDA228DD}"
EndProject
Project("{2150E333-8FDC-42A3-9474-1A3956D46DE8}") = "src", "src", "{5E2C30E5-8FD5-4F67-B973-F06DD49FD5BB}"
EndProject
Project("{2150E333-8FDC-42A3-9474-1A3956D46DE8}") = "test", "test", "{9489D115-3259-4BA2-914E-C43D82D99A2E}"
EndProject
Project("{9A19103F-16F7-4668-BE54-9A1E7A4F7556}") = "SpottedUnitn.Model.Test", "test\SpottedUnitn.Model.Test\SpottedUnitn.Model.Test.csproj", "{CA0031DD-6B42-4A45-8E70-7316550FFE3B}"
EndProject
Project("{9A19103F-16F7-4668-BE54-9A1E7A4F7556}") = "SpottedUnitn.WebApi.Test", "test\SpottedUnitn.WebApi.Test\SpottedUnitn.WebApi.Test.csproj", "{446A3315-8BBF-4DFF-95F1-1A1D896A23AB}"
EndProject
Project("{9A19103F-16F7-4668-BE54-9A1E7A4F7556}") = "SpottedUnitn.Infrastructure", "src\SpottedUnitn.Infrastructure\SpottedUnitn.Infrastructure.csproj", "{CDB8BC44-55B4-44C0-8E24-6E73AD7142F4}"
EndProject
Project("{9A19103F-16F7-4668-BE54-9A1E7A4F7556}") = "SpottedUnitn.Infrastructure.Test", "test\SpottedUnitn.Infrastructure.Test\SpottedUnitn.Infrastructure.Test.csproj", "{A9DAF9F8-59D4-4937-9304-085B682EFA8A}"
EndProject
Project("{9A19103F-16F7-4668-BE54-9A1E7A4F7556}") = "SpottedUnitn.Data", "src\SpottedUnitn.Data\SpottedUnitn.Data.csproj", "{1BD541C7-16A7-471C-AFE7-B5917873BC09}"
EndProject
Project("{9A19103F-16F7-4668-BE54-9A1E7A4F7556}") = "SpottedUnitn.Data.Test", "test\SpottedUnitn.Data.Test\SpottedUnitn.Data.Test.csproj", "{7CD05903-546E-42EF-B8B3-DFCCC8841BD0}"
EndProject
Project("{FAE04EC0-301F-11D3-BF4B-00C04F79EFBC}") = "SpottedUnitn.Services", "src\SpottedUnitn.Services\SpottedUnitn.Services.csproj", "{4D6C499B-F1E0-4726-AC0F-BE4CF0904041}"
EndProject
Global
	GlobalSection(SolutionConfigurationPlatforms) = preSolution
		Debug|Any CPU = Debug|Any CPU
		Release|Any CPU = Release|Any CPU
	EndGlobalSection
	GlobalSection(ProjectConfigurationPlatforms) = postSolution
		{ACC60793-45BA-4CA8-84F9-A5B1166C4570}.Debug|Any CPU.ActiveCfg = Debug|Any CPU
		{ACC60793-45BA-4CA8-84F9-A5B1166C4570}.Debug|Any CPU.Build.0 = Debug|Any CPU
		{ACC60793-45BA-4CA8-84F9-A5B1166C4570}.Release|Any CPU.ActiveCfg = Release|Any CPU
		{ACC60793-45BA-4CA8-84F9-A5B1166C4570}.Release|Any CPU.Build.0 = Release|Any CPU
		{5AE769F8-F356-4290-8671-D782EDA228DD}.Debug|Any CPU.ActiveCfg = Debug|Any CPU
		{5AE769F8-F356-4290-8671-D782EDA228DD}.Debug|Any CPU.Build.0 = Debug|Any CPU
		{5AE769F8-F356-4290-8671-D782EDA228DD}.Release|Any CPU.ActiveCfg = Release|Any CPU
		{5AE769F8-F356-4290-8671-D782EDA228DD}.Release|Any CPU.Build.0 = Release|Any CPU
		{CA0031DD-6B42-4A45-8E70-7316550FFE3B}.Debug|Any CPU.ActiveCfg = Debug|Any CPU
		{CA0031DD-6B42-4A45-8E70-7316550FFE3B}.Debug|Any CPU.Build.0 = Debug|Any CPU
		{CA0031DD-6B42-4A45-8E70-7316550FFE3B}.Release|Any CPU.ActiveCfg = Release|Any CPU
		{CA0031DD-6B42-4A45-8E70-7316550FFE3B}.Release|Any CPU.Build.0 = Release|Any CPU
		{446A3315-8BBF-4DFF-95F1-1A1D896A23AB}.Debug|Any CPU.ActiveCfg = Debug|Any CPU
		{446A3315-8BBF-4DFF-95F1-1A1D896A23AB}.Debug|Any CPU.Build.0 = Debug|Any CPU
		{446A3315-8BBF-4DFF-95F1-1A1D896A23AB}.Release|Any CPU.ActiveCfg = Release|Any CPU
		{446A3315-8BBF-4DFF-95F1-1A1D896A23AB}.Release|Any CPU.Build.0 = Release|Any CPU
		{CDB8BC44-55B4-44C0-8E24-6E73AD7142F4}.Debug|Any CPU.ActiveCfg = Debug|Any CPU
		{CDB8BC44-55B4-44C0-8E24-6E73AD7142F4}.Debug|Any CPU.Build.0 = Debug|Any CPU
		{CDB8BC44-55B4-44C0-8E24-6E73AD7142F4}.Release|Any CPU.ActiveCfg = Release|Any CPU
		{CDB8BC44-55B4-44C0-8E24-6E73AD7142F4}.Release|Any CPU.Build.0 = Release|Any CPU
		{A9DAF9F8-59D4-4937-9304-085B682EFA8A}.Debug|Any CPU.ActiveCfg = Debug|Any CPU
		{A9DAF9F8-59D4-4937-9304-085B682EFA8A}.Debug|Any CPU.Build.0 = Debug|Any CPU
		{A9DAF9F8-59D4-4937-9304-085B682EFA8A}.Release|Any CPU.ActiveCfg = Release|Any CPU
		{A9DAF9F8-59D4-4937-9304-085B682EFA8A}.Release|Any CPU.Build.0 = Release|Any CPU
		{1BD541C7-16A7-471C-AFE7-B5917873BC09}.Debug|Any CPU.ActiveCfg = Debug|Any CPU
		{1BD541C7-16A7-471C-AFE7-B5917873BC09}.Debug|Any CPU.Build.0 = Debug|Any CPU
		{1BD541C7-16A7-471C-AFE7-B5917873BC09}.Release|Any CPU.ActiveCfg = Release|Any CPU
		{1BD541C7-16A7-471C-AFE7-B5917873BC09}.Release|Any CPU.Build.0 = Release|Any CPU
		{7CD05903-546E-42EF-B8B3-DFCCC8841BD0}.Debug|Any CPU.ActiveCfg = Debug|Any CPU
		{7CD05903-546E-42EF-B8B3-DFCCC8841BD0}.Debug|Any CPU.Build.0 = Debug|Any CPU
		{7CD05903-546E-42EF-B8B3-DFCCC8841BD0}.Release|Any CPU.ActiveCfg = Release|Any CPU
		{7CD05903-546E-42EF-B8B3-DFCCC8841BD0}.Release|Any CPU.Build.0 = Release|Any CPU
		{4D6C499B-F1E0-4726-AC0F-BE4CF0904041}.Debug|Any CPU.ActiveCfg = Debug|Any CPU
		{4D6C499B-F1E0-4726-AC0F-BE4CF0904041}.Debug|Any CPU.Build.0 = Debug|Any CPU
		{4D6C499B-F1E0-4726-AC0F-BE4CF0904041}.Release|Any CPU.ActiveCfg = Release|Any CPU
		{4D6C499B-F1E0-4726-AC0F-BE4CF0904041}.Release|Any CPU.Build.0 = Release|Any CPU
	EndGlobalSection
	GlobalSection(SolutionProperties) = preSolution
		HideSolutionNode = FALSE
	EndGlobalSection
	GlobalSection(NestedProjects) = preSolution
		{ACC60793-45BA-4CA8-84F9-A5B1166C4570} = {5E2C30E5-8FD5-4F67-B973-F06DD49FD5BB}
		{5AE769F8-F356-4290-8671-D782EDA228DD} = {5E2C30E5-8FD5-4F67-B973-F06DD49FD5BB}
		{CA0031DD-6B42-4A45-8E70-7316550FFE3B} = {9489D115-3259-4BA2-914E-C43D82D99A2E}
		{446A3315-8BBF-4DFF-95F1-1A1D896A23AB} = {9489D115-3259-4BA2-914E-C43D82D99A2E}
		{CDB8BC44-55B4-44C0-8E24-6E73AD7142F4} = {5E2C30E5-8FD5-4F67-B973-F06DD49FD5BB}
		{A9DAF9F8-59D4-4937-9304-085B682EFA8A} = {9489D115-3259-4BA2-914E-C43D82D99A2E}
		{1BD541C7-16A7-471C-AFE7-B5917873BC09} = {5E2C30E5-8FD5-4F67-B973-F06DD49FD5BB}
		{7CD05903-546E-42EF-B8B3-DFCCC8841BD0} = {9489D115-3259-4BA2-914E-C43D82D99A2E}
		{4D6C499B-F1E0-4726-AC0F-BE4CF0904041} = {5E2C30E5-8FD5-4F67-B973-F06DD49FD5BB}
	EndGlobalSection
	GlobalSection(ExtensibilityGlobals) = postSolution
		SolutionGuid = {6C9D80D1-66B9-4EBC-B901-9028032D208B}
	EndGlobalSection
EndGlobal
